// !$*UTF8*$!
{
	archiveVersion = 1;
	classes = {
	};
	objectVersion = 46;
	objects = {

/* Begin PBXBuildFile section */
		3A582C5724EC655F34EDC949 /* Pods_DispBBS.framework in Frameworks */ = {isa = PBXBuildFile; fileRef = 96F1BFC6D10DC7A61996ABFF /* Pods_DispBBS.framework */; };
		DD0214FD1E7514670098187F /* TextViewController.swift in Sources */ = {isa = PBXBuildFile; fileRef = DD0214FC1E7514670098187F /* TextViewController.swift */; };
		DDB847EE1E64C9830044C003 /* AppDelegate.swift in Sources */ = {isa = PBXBuildFile; fileRef = DDB847ED1E64C9830044C003 /* AppDelegate.swift */; };
		DDB847F31E64C9830044C003 /* Main.storyboard in Resources */ = {isa = PBXBuildFile; fileRef = DDB847F11E64C9830044C003 /* Main.storyboard */; };
		DDB847F51E64C9830044C003 /* Assets.xcassets in Resources */ = {isa = PBXBuildFile; fileRef = DDB847F41E64C9830044C003 /* Assets.xcassets */; };
		DDB847F81E64C9830044C003 /* LaunchScreen.storyboard in Resources */ = {isa = PBXBuildFile; fileRef = DDB847F61E64C9830044C003 /* LaunchScreen.storyboard */; };
		DDB848001E67B55E0044C003 /* HotTextViewController.swift in Sources */ = {isa = PBXBuildFile; fileRef = DDB847FF1E67B55E0044C003 /* HotTextViewController.swift */; };
		DDB848021E68F9710044C003 /* HotTextCell.swift in Sources */ = {isa = PBXBuildFile; fileRef = DDB848011E68F9710044C003 /* HotTextCell.swift */; };
/* End PBXBuildFile section */

/* Begin PBXFileReference section */
		7CE25E45AC949DD114D4FDEB /* Pods-DispBBS.release.xcconfig */ = {isa = PBXFileReference; includeInIndex = 1; lastKnownFileType = text.xcconfig; name = "Pods-DispBBS.release.xcconfig"; path = "Pods/Target Support Files/Pods-DispBBS/Pods-DispBBS.release.xcconfig"; sourceTree = "<group>"; };
		96F1BFC6D10DC7A61996ABFF /* Pods_DispBBS.framework */ = {isa = PBXFileReference; explicitFileType = wrapper.framework; includeInIndex = 0; path = Pods_DispBBS.framework; sourceTree = BUILT_PRODUCTS_DIR; };
		A8A4E4A0B39D707761D1EBF2 /* Pods-DispBBS.debug.xcconfig */ = {isa = PBXFileReference; includeInIndex = 1; lastKnownFileType = text.xcconfig; name = "Pods-DispBBS.debug.xcconfig"; path = "Pods/Target Support Files/Pods-DispBBS/Pods-DispBBS.debug.xcconfig"; sourceTree = "<group>"; };
		DD0214FC1E7514670098187F /* TextViewController.swift */ = {isa = PBXFileReference; fileEncoding = 4; lastKnownFileType = sourcecode.swift; path = TextViewController.swift; sourceTree = "<group>"; };
		DDB847EA1E64C9830044C003 /* DispBBS.app */ = {isa = PBXFileReference; explicitFileType = wrapper.application; includeInIndex = 0; path = DispBBS.app; sourceTree = BUILT_PRODUCTS_DIR; };
		DDB847ED1E64C9830044C003 /* AppDelegate.swift */ = {isa = PBXFileReference; lastKnownFileType = sourcecode.swift; path = AppDelegate.swift; sourceTree = "<group>"; };
		DDB847F21E64C9830044C003 /* Base */ = {isa = PBXFileReference; lastKnownFileType = file.storyboard; name = Base; path = Base.lproj/Main.storyboard; sourceTree = "<group>"; };
		DDB847F41E64C9830044C003 /* Assets.xcassets */ = {isa = PBXFileReference; lastKnownFileType = folder.assetcatalog; path = Assets.xcassets; sourceTree = "<group>"; };
		DDB847F71E64C9830044C003 /* Base */ = {isa = PBXFileReference; lastKnownFileType = file.storyboard; name = Base; path = Base.lproj/LaunchScreen.storyboard; sourceTree = "<group>"; };
		DDB847F91E64C9830044C003 /* Info.plist */ = {isa = PBXFileReference; lastKnownFileType = text.plist.xml; path = Info.plist; sourceTree = "<group>"; };
		DDB847FF1E67B55E0044C003 /* HotTextViewController.swift */ = {isa = PBXFileReference; fileEncoding = 4; lastKnownFileType = sourcecode.swift; path = HotTextViewController.swift; sourceTree = "<group>"; };
		DDB848011E68F9710044C003 /* HotTextCell.swift */ = {isa = PBXFileReference; fileEncoding = 4; lastKnownFileType = sourcecode.swift; path = HotTextCell.swift; sourceTree = "<group>"; };
/* End PBXFileReference section */

/* Begin PBXFrameworksBuildPhase section */
		DDB847E71E64C9830044C003 /* Frameworks */ = {
			isa = PBXFrameworksBuildPhase;
			buildActionMask = 2147483647;
			files = (
				3A582C5724EC655F34EDC949 /* Pods_DispBBS.framework in Frameworks */,
			);
			runOnlyForDeploymentPostprocessing = 0;
		};
/* End PBXFrameworksBuildPhase section */

/* Begin PBXGroup section */
		51134B211D48829B1B71CE44 /* Pods */ = {
			isa = PBXGroup;
			children = (
				A8A4E4A0B39D707761D1EBF2 /* Pods-DispBBS.debug.xcconfig */,
				7CE25E45AC949DD114D4FDEB /* Pods-DispBBS.release.xcconfig */,
			);
			name = Pods;
			sourceTree = "<group>";
		};
		C260DE093A10167CAD35BBA8 /* Frameworks */ = {
			isa = PBXGroup;
			children = (
				96F1BFC6D10DC7A61996ABFF /* Pods_DispBBS.framework */,
			);
			name = Frameworks;
			sourceTree = "<group>";
		};
		DDB847E11E64C9830044C003 = {
			isa = PBXGroup;
			children = (
				DDB847EC1E64C9830044C003 /* DispBBS */,
				DDB847EB1E64C9830044C003 /* Products */,
				51134B211D48829B1B71CE44 /* Pods */,
				C260DE093A10167CAD35BBA8 /* Frameworks */,
			);
			sourceTree = "<group>";
		};
		DDB847EB1E64C9830044C003 /* Products */ = {
			isa = PBXGroup;
			children = (
				DDB847EA1E64C9830044C003 /* DispBBS.app */,
			);
			name = Products;
			sourceTree = "<group>";
		};
		DDB847EC1E64C9830044C003 /* DispBBS */ = {
			isa = PBXGroup;
			children = (
				DDB847ED1E64C9830044C003 /* AppDelegate.swift */,
				DDB847F11E64C9830044C003 /* Main.storyboard */,
				DDB847FF1E67B55E0044C003 /* HotTextViewController.swift */,
				DDB848011E68F9710044C003 /* HotTextCell.swift */,
				DD0214FC1E7514670098187F /* TextViewController.swift */,
				DDB847F41E64C9830044C003 /* Assets.xcassets */,
				DDB847F61E64C9830044C003 /* LaunchScreen.storyboard */,
				DDB847F91E64C9830044C003 /* Info.plist */,
			);
			path = DispBBS;
			sourceTree = "<group>";
		};
/* End PBXGroup section */

/* Begin PBXNativeTarget section */
		DDB847E91E64C9830044C003 /* DispBBS */ = {
			isa = PBXNativeTarget;
			buildConfigurationList = DDB847FC1E64C9830044C003 /* Build configuration list for PBXNativeTarget "DispBBS" */;
			buildPhases = (
				39F4408927A7EF187A549BEC /* [CP] Check Pods Manifest.lock */,
				DDB847E61E64C9830044C003 /* Sources */,
				DDB847E71E64C9830044C003 /* Frameworks */,
				DDB847E81E64C9830044C003 /* Resources */,
				2A56EC0ACBEFC9E979F21D21 /* [CP] Embed Pods Frameworks */,
				CF885EE7E0998A66DB418F48 /* [CP] Copy Pods Resources */,
			);
			buildRules = (
			);
			dependencies = (
			);
			name = DispBBS;
			productName = DispBBS;
			productReference = DDB847EA1E64C9830044C003 /* DispBBS.app */;
			productType = "com.apple.product-type.application";
		};
/* End PBXNativeTarget section */

/* Begin PBXProject section */
		DDB847E21E64C9830044C003 /* Project object */ = {
			isa = PBXProject;
			attributes = {
				LastSwiftUpdateCheck = 0820;
				LastUpgradeCheck = 0820;
				ORGANIZATIONNAME = Disp;
				TargetAttributes = {
					DDB847E91E64C9830044C003 = {
						CreatedOnToolsVersion = 8.2.1;
						DevelopmentTeam = 2F85A7QUY2;
						ProvisioningStyle = Automatic;
					};
				};
			};
			buildConfigurationList = DDB847E51E64C9830044C003 /* Build configuration list for PBXProject "DispBBS" */;
			compatibilityVersion = "Xcode 3.2";
			developmentRegion = English;
			hasScannedForEncodings = 0;
			knownRegions = (
				en,
				Base,
			);
			mainGroup = DDB847E11E64C9830044C003;
			productRefGroup = DDB847EB1E64C9830044C003 /* Products */;
			projectDirPath = "";
			projectRoot = "";
			targets = (
				DDB847E91E64C9830044C003 /* DispBBS */,
			);
		};
/* End PBXProject section */

/* Begin PBXResourcesBuildPhase section */
		DDB847E81E64C9830044C003 /* Resources */ = {
			isa = PBXResourcesBuildPhase;
			buildActionMask = 2147483647;
			files = (
				DDB847F81E64C9830044C003 /* LaunchScreen.storyboard in Resources */,
				DDB847F51E64C9830044C003 /* Assets.xcassets in Resources */,
				DDB847F31E64C9830044C003 /* Main.storyboard in Resources */,
			);
			runOnlyForDeploymentPostprocessing = 0;
		};
/* End PBXResourcesBuildPhase section */

/* Begin PBXShellScriptBuildPhase section */
		2A56EC0ACBEFC9E979F21D21 /* [CP] Embed Pods Frameworks */ = {
			isa = PBXShellScriptBuildPhase;
			buildActionMask = 2147483647;
			files = (
			);
			inputPaths = (
			);
			name = "[CP] Embed Pods Frameworks";
			outputPaths = (
			);
			runOnlyForDeploymentPostprocessing = 0;
			shellPath = /bin/sh;
			shellScript = "\"${SRCROOT}/Pods/Target Support Files/Pods-DispBBS/Pods-DispBBS-frameworks.sh\"\n";
			showEnvVarsInLog = 0;
		};
		39F4408927A7EF187A549BEC /* [CP] Check Pods Manifest.lock */ = {
			isa = PBXShellScriptBuildPhase;
			buildActionMask = 2147483647;
			files = (
			);
			inputPaths = (
			);
			name = "[CP] Check Pods Manifest.lock";
			outputPaths = (
			);
			runOnlyForDeploymentPostprocessing = 0;
			shellPath = /bin/sh;
			shellScript = "diff \"${PODS_ROOT}/../Podfile.lock\" \"${PODS_ROOT}/Manifest.lock\" > /dev/null\nif [ $? != 0 ] ; then\n    # print error to STDERR\n    echo \"error: The sandbox is not in sync with the Podfile.lock. Run 'pod install' or update your CocoaPods installation.\" >&2\n    exit 1\nfi\n";
			showEnvVarsInLog = 0;
		};
		CF885EE7E0998A66DB418F48 /* [CP] Copy Pods Resources */ = {
			isa = PBXShellScriptBuildPhase;
			buildActionMask = 2147483647;
			files = (
			);
			inputPaths = (
			);
			name = "[CP] Copy Pods Resources";
			outputPaths = (
			);
			runOnlyForDeploymentPostprocessing = 0;
			shellPath = /bin/sh;
			shellScript = "\"${SRCROOT}/Pods/Target Support Files/Pods-DispBBS/Pods-DispBBS-resources.sh\"\n";
			showEnvVarsInLog = 0;
		};
/* End PBXShellScriptBuildPhase section */

/* Begin PBXSourcesBuildPhase section */
		DDB847E61E64C9830044C003 /* Sources */ = {
			isa = PBXSourcesBuildPhase;
			buildActionMask = 2147483647;
			files = (
				DDB847EE1E64C9830044C003 /* AppDelegate.swift in Sources */,
				DDB848001E67B55E0044C003 /* HotTextViewController.swift in Sources */,
				DDB848021E68F9710044C003 /* HotTextCell.swift in Sources */,
				DD0214FD1E7514670098187F /* TextViewController.swift in Sources */,
			);
			runOnlyForDeploymentPostprocessing = 0;
		};
/* End PBXSourcesBuildPhase section */

/* Begin PBXVariantGroup section */
		DDB847F11E64C9830044C003 /* Main.storyboard */ = {
			isa = PBXVariantGroup;
			children = (
				DDB847F21E64C9830044C003 /* Base */,
			);
			name = Main.storyboard;
			sourceTree = "<group>";
		};
		DDB847F61E64C9830044C003 /* LaunchScreen.storyboard */ = {
			isa = PBXVariantGroup;
			children = (
				DDB847F71E64C9830044C003 /* Base */,
			);
			name = LaunchScreen.storyboard;
			sourceTree = "<group>";
		};
/* End PBXVariantGroup section */

/* Begin XCBuildConfiguration section */
		DDB847FA1E64C9830044C003 /* Debug */ = {
			isa = XCBuildConfiguration;
			buildSettings = {
				ALWAYS_SEARCH_USER_PATHS = NO;
				CLANG_ANALYZER_NONNULL = YES;
				CLANG_CXX_LANGUAGE_STANDARD = "gnu++0x";
				CLANG_CXX_LIBRARY = "libc++";
				CLANG_ENABLE_MODULES = YES;
				CLANG_ENABLE_OBJC_ARC = YES;
				CLANG_WARN_BOOL_CONVERSION = YES;
				CLANG_WARN_CONSTANT_CONVERSION = YES;
				CLANG_WARN_DIRECT_OBJC_ISA_USAGE = YES_ERROR;
				CLANG_WARN_DOCUMENTATION_COMMENTS = YES;
				CLANG_WARN_EMPTY_BODY = YES;
				CLANG_WARN_ENUM_CONVERSION = YES;
				CLANG_WARN_INFINITE_RECURSION = YES;
				CLANG_WARN_INT_CONVERSION = YES;
				CLANG_WARN_OBJC_ROOT_CLASS = YES_ERROR;
				CLANG_WARN_SUSPICIOUS_MOVE = YES;
				CLANG_WARN_UNREACHABLE_CODE = YES;
				CLANG_WARN__DUPLICATE_METHOD_MATCH = YES;
				"CODE_SIGN_IDENTITY[sdk=iphoneos*]" = "iPhone Developer";
				COPY_PHASE_STRIP = NO;
				DEBUG_INFORMATION_FORMAT = dwarf;
				ENABLE_STRICT_OBJC_MSGSEND = YES;
				ENABLE_TESTABILITY = YES;
				GCC_C_LANGUAGE_STANDARD = gnu99;
				GCC_DYNAMIC_NO_PIC = NO;
				GCC_NO_COMMON_BLOCKS = YES;
				GCC_OPTIMIZATION_LEVEL = 0;
				GCC_PREPROCESSOR_DEFINITIONS = (
					"DEBUG=1",
					"$(inherited)",
				);
				GCC_WARN_64_TO_32_BIT_CONVERSION = YES;
				GCC_WARN_ABOUT_RETURN_TYPE = YES_ERROR;
				GCC_WARN_UNDECLARED_SELECTOR = YES;
				GCC_WARN_UNINITIALIZED_AUTOS = YES_AGGRESSIVE;
				GCC_WARN_UNUSED_FUNCTION = YES;
				GCC_WARN_UNUSED_VARIABLE = YES;
				IPHONEOS_DEPLOYMENT_TARGET = 10.2;
				MTL_ENABLE_DEBUG_INFO = YES;
				ONLY_ACTIVE_ARCH = YES;
				SDKROOT = iphoneos;
				SWIFT_ACTIVE_COMPILATION_CONDITIONS = DEBUG;
				SWIFT_OPTIMIZATION_LEVEL = "-Onone";
				TARGETED_DEVICE_FAMILY = "1,2";
			};
			name = Debug;
		};
		DDB847FB1E64C9830044C003 /* Release */ = {
			isa = XCBuildConfiguration;
			buildSettings = {
				ALWAYS_SEARCH_USER_PATHS = NO;
				CLANG_ANALYZER_NONNULL = YES;
				CLANG_CXX_LANGUAGE_STANDARD = "gnu++0x";
				CLANG_CXX_LIBRARY = "libc++";
				CLANG_ENABLE_MODULES = YES;
				CLANG_ENABLE_OBJC_ARC = YES;
				CLANG_WARN_BOOL_CONVERSION = YES;
				CLANG_WARN_CONSTANT_CONVERSION = YES;
				CLANG_WARN_DIRECT_OBJC_ISA_USAGE = YES_ERROR;
				CLANG_WARN_DOCUMENTATION_COMMENTS = YES;
				CLANG_WARN_EMPTY_BODY = YES;
				CLANG_WARN_ENUM_CONVERSION = YES;
				CLANG_WARN_INFINITE_RECURSION = YES;
				CLANG_WARN_INT_CONVERSION = YES;
				CLANG_WARN_OBJC_ROOT_CLASS = YES_ERROR;
				CLANG_WARN_SUSPICIOUS_MOVE = YES;
				CLANG_WARN_UNREACHABLE_CODE = YES;
				CLANG_WARN__DUPLICATE_METHOD_MATCH = YES;
				"CODE_SIGN_IDENTITY[sdk=iphoneos*]" = "iPhone Developer";
				COPY_PHASE_STRIP = NO;
				DEBUG_INFORMATION_FORMAT = "dwarf-with-dsym";
				ENABLE_NS_ASSERTIONS = NO;
				ENABLE_STRICT_OBJC_MSGSEND = YES;
				GCC_C_LANGUAGE_STANDARD = gnu99;
				GCC_NO_COMMON_BLOCKS = YES;
				GCC_WARN_64_TO_32_BIT_CONVERSION = YES;
				GCC_WARN_ABOUT_RETURN_TYPE = YES_ERROR;
				GCC_WARN_UNDECLARED_SELECTOR = YES;
				GCC_WARN_UNINITIALIZED_AUTOS = YES_AGGRESSIVE;
				GCC_WARN_UNUSED_FUNCTION = YES;
				GCC_WARN_UNUSED_VARIABLE = YES;
				IPHONEOS_DEPLOYMENT_TARGET = 10.2;
				MTL_ENABLE_DEBUG_INFO = NO;
				SDKROOT = iphoneos;
				SWIFT_OPTIMIZATION_LEVEL = "-Owholemodule";
				TARGETED_DEVICE_FAMILY = "1,2";
				VALIDATE_PRODUCT = YES;
			};
			name = Release;
		};
		DDB847FD1E64C9830044C003 /* Debug */ = {
			isa = XCBuildConfiguration;
			baseConfigurationReference = A8A4E4A0B39D707761D1EBF2 /* Pods-DispBBS.debug.xcconfig */;
			buildSettings = {
				ASSETCATALOG_COMPILER_APPICON_NAME = AppIcon;
				DEVELOPMENT_TEAM = 2F85A7QUY2;
				INFOPLIST_FILE = DispBBS/Info.plist;
				IPHONEOS_DEPLOYMENT_TARGET = 8.0;
				LD_RUNPATH_SEARCH_PATHS = "$(inherited) @executable_path/Frameworks";
				PRODUCT_BUNDLE_IDENTIFIER = com.Disp.DispBBS;
				PRODUCT_NAME = "$(TARGET_NAME)";
				SWIFT_VERSION = 3.0;
			};
			name = Debug;
		};
		DDB847FE1E64C9830044C003 /* Release */ = {
			isa = XCBuildConfiguration;
			baseConfigurationReference = 7CE25E45AC949DD114D4FDEB /* Pods-DispBBS.release.xcconfig */;
			buildSettings = {
				ASSETCATALOG_COMPILER_APPICON_NAME = AppIcon;
				DEVELOPMENT_TEAM = 2F85A7QUY2;
				INFOPLIST_FILE = DispBBS/Info.plist;
				IPHONEOS_DEPLOYMENT_TARGET = 8.0;
				LD_RUNPATH_SEARCH_PATHS = "$(inherited) @executable_path/Frameworks";
				PRODUCT_BUNDLE_IDENTIFIER = com.Disp.DispBBS;
				PRODUCT_NAME = "$(TARGET_NAME)";
				SWIFT_VERSION = 3.0;
			};
			name = Release;
		};
/* End XCBuildConfiguration section */

/* Begin XCConfigurationList section */
		DDB847E51E64C9830044C003 /* Build configuration list for PBXProject "DispBBS" */ = {
			isa = XCConfigurationList;
			buildConfigurations = (
				DDB847FA1E64C9830044C003 /* Debug */,
				DDB847FB1E64C9830044C003 /* Release */,
			);
			defaultConfigurationIsVisible = 0;
			defaultConfigurationName = Release;
		};
		DDB847FC1E64C9830044C003 /* Build configuration list for PBXNativeTarget "DispBBS" */ = {
			isa = XCConfigurationList;
			buildConfigurations = (
				DDB847FD1E64C9830044C003 /* Debug */,
				DDB847FE1E64C9830044C003 /* Release */,
			);
			defaultConfigurationIsVisible = 0;
			defaultConfigurationName = Release;
		};
/* End XCConfigurationList section */
	};
	rootObject = DDB847E21E64C9830044C003 /* Project object */;
}
